
Microsoft Visual Studio Solution File, Format Version 12.00
# Visual Studio Version 16
VisualStudioVersion = 16.0.28922.388
MinimumVisualStudioVersion = 10.0.40219.1
Project("{FAE04EC0-301F-11D3-BF4B-00C04F79EFBC}") = "esercitazione thread", "esercitazione thread\esercitazione thread.csproj", "{E7636753-9D11-4E74-8C72-F2D578FB5427}"
EndProject
Project("{FAE04EC0-301F-11D3-BF4B-00C04F79EFBC}") = "EsercizioTask", "EsercizioTask\EsercizioTask.csproj", "{3FF44DBB-C0D7-4499-91A5-4859E2DFD768}"
EndProject
Global
	GlobalSection(SolutionConfigurationPlatforms) = preSolution
		Debug|Any CPU = Debug|Any CPU
		Release|Any CPU = Release|Any CPU
	EndGlobalSection
	GlobalSection(ProjectConfigurationPlatforms) = postSolution
		{E7636753-9D11-4E74-8C72-F2D578FB5427}.Debug|Any CPU.ActiveCfg = Debug|Any CPU
		{E7636753-9D11-4E74-8C72-F2D578FB5427}.Debug|Any CPU.Build.0 = Debug|Any CPU
		{E7636753-9D11-4E74-8C72-F2D578FB5427}.Release|Any CPU.ActiveCfg = Release|Any CPU
		{E7636753-9D11-4E74-8C72-F2D578FB5427}.Release|Any CPU.Build.0 = Release|Any CPU
		{3FF44DBB-C0D7-4499-91A5-4859E2DFD768}.Debug|Any CPU.ActiveCfg = Debug|Any CPU
		{3FF44DBB-C0D7-4499-91A5-4859E2DFD768}.Debug|Any CPU.Build.0 = Debug|Any CPU
		{3FF44DBB-C0D7-4499-91A5-4859E2DFD768}.Release|Any CPU.ActiveCfg = Release|Any CPU
		{3FF44DBB-C0D7-4499-91A5-4859E2DFD768}.Release|Any CPU.Build.0 = Release|Any CPU
	EndGlobalSection
	GlobalSection(SolutionProperties) = preSolution
		HideSolutionNode = FALSE
	EndGlobalSection
	GlobalSection(ExtensibilityGlobals) = postSolution
		SolutionGuid = {A8F311FF-4E09-40F6-BA3D-F878305E801B}
	EndGlobalSection
EndGlobal
